
Microsoft Visual Studio Solution File, Format Version 12.00
# Visual Studio Version 16
VisualStudioVersion = 16.0.30709.132
MinimumVisualStudioVersion = 10.0.40219.1
Project("{FAE04EC0-301F-11D3-BF4B-00C04F79EFBC}") = "ConsoleAppStatki", "ConsoleAppStatki.csproj", "{99BBC971-5628-4292-BC04-43A76D600C58}"
EndProject
Global
	GlobalSection(SolutionConfigurationPlatforms) = preSolution
		Debug|Any CPU = Debug|Any CPU
		Release|Any CPU = Release|Any CPU
	EndGlobalSection
	GlobalSection(ProjectConfigurationPlatforms) = postSolution
		{99BBC971-5628-4292-BC04-43A76D600C58}.Debug|Any CPU.ActiveCfg = Debug|Any CPU
		{99BBC971-5628-4292-BC04-43A76D600C58}.Debug|Any CPU.Build.0 = Debug|Any CPU
		{99BBC971-5628-4292-BC04-43A76D600C58}.Release|Any CPU.ActiveCfg = Release|Any CPU
		{99BBC971-5628-4292-BC04-43A76D600C58}.Release|Any CPU.Build.0 = Release|Any CPU
	EndGlobalSection
	GlobalSection(SolutionProperties) = preSolution
		HideSolutionNode = FALSE
	EndGlobalSection
	GlobalSection(ExtensibilityGlobals) = postSolution
		SolutionGuid = {05C67D39-69DD-44B0-B328-9F0C14823409}
	EndGlobalSection
EndGlobal
